
Microsoft Visual Studio Solution File, Format Version 12.00
# Visual Studio Version 17
VisualStudioVersion = 17.14.36408.4 d17.14
MinimumVisualStudioVersion = 10.0.40219.1
Project("{FAE04EC0-301F-11D3-BF4B-00C04F79EFBC}") = "GoogleSheets", "GoogleSheets\GoogleSheets.csproj", "{199AC65A-4355-49CF-8E70-06595D24D30B}"
EndProject
Global
	GlobalSection(SolutionConfigurationPlatforms) = preSolution
		Debug|Any CPU = Debug|Any CPU
		Release|Any CPU = Release|Any CPU
	EndGlobalSection
	GlobalSection(ProjectConfigurationPlatforms) = postSolution
		{199AC65A-4355-49CF-8E70-06595D24D30B}.Debug|Any CPU.ActiveCfg = Debug|Any CPU
		{199AC65A-4355-49CF-8E70-06595D24D30B}.Debug|Any CPU.Build.0 = Debug|Any CPU
		{199AC65A-4355-49CF-8E70-06595D24D30B}.Release|Any CPU.ActiveCfg = Release|Any CPU
		{199AC65A-4355-49CF-8E70-06595D24D30B}.Release|Any CPU.Build.0 = Release|Any CPU
	EndGlobalSection
	GlobalSection(SolutionProperties) = preSolution
		HideSolutionNode = FALSE
	EndGlobalSection
	GlobalSection(ExtensibilityGlobals) = postSolution
		SolutionGuid = {36E2B41F-B4F4-4348-91D0-A41E23E10795}
	EndGlobalSection
EndGlobal
